github.com/starter-go/afs v0.9.1 h1:KbNSB/+YjFC7OWYsB9bL8MZvOowXKLH8qidZ2PrSyGg=
github.com/starter-go/afs v0.9.1/go.mod h1:8CnmFENXVgN8QV71S8EJd/Z0QVfSoFmdZrnGBbMDx2A=
github.com/starter-go/afs v0.9.2 h1:LwYcz7PWOK92lNBl11kK8J1xGhd1jbhs4d4ahBdg0eU=
github.com/starter-go/afs v0.9.2/go.mod h1:LbhQ6l5VwFV8YNtG+zSnMf2mLB/KCwK9id6zm9quFSU=
github.com/starter-go/afs v0.9.3 h1:2pD7DH7Qv7IlbpQnKDFbhYjc0oaOtamRnp6/rVFaIs0=
github.com/starter-go/afs v0.9.3/go.mod h1:Kuwz+TntvRVUYJuHWfR9hkEIcBiIC3ScW9IS/gjJulM=
github.com/starter-go/afs v0.9.4 h1:0o96pOdtDvZcWSS5b7icbzYHq6hdfnHZyr+sXD6OZds=
github.com/starter-go/afs v0.9.4/go.mod h1:Kuwz+TntvRVUYJuHWfR9hkEIcBiIC3ScW9IS/gjJulM=
github.com/starter-go/afs v0.9.5 h1:nlXQwCzqI0fht6RrQYj+CBCH2dPX2j7HArkEf11Vhjw=
github.com/starter-go/afs v0.9.5/go.mod h1:Kuwz+TntvRVUYJuHWfR9hkEIcBiIC3ScW9IS/gjJulM=
github.com/starter-go/afs v0.9.8 h1:AHRB8AfER44vX/9o55fAiYnl66dvvZpAXlqDsnmVRQg=
github.com/starter-go/afs v0.9.8/go.mod h1:6hM71KrBrzlYST/axyH4rdhZ9Ig5ri12e1TAsG7FYAA=
github.com/starter-go/application v0.9.4 h1:4sUVEs3zH9HYE+DgVuXpwZr0evV2AF+z2TPC9SSwz5U=
github.com/starter-go/application v0.9.4/go.mod h1:vMMFrcomf10ygjLt4ASvhXbxxBKHvvNcS3sErlszS+g=
github.com/starter-go/application v0.9.5 h1:WYZfeFpC6INQjP6Z8/itt4nWLkldH/TrlqdD2JLpl78=
github.com/starter-go/application v0.9.5/go.mod h1:vMMFrcomf10ygjLt4ASvhXbxxBKHvvNcS3sErlszS+g=
github.com/starter-go/application v0.9.7 h1:jFED9q5MN+0/UKQQNyupvijmMd5LMdLtBEgzlZ6j73A=
github.com/starter-go/application v0.9.7/go.mod h1:e5Zet+QGLL1/bxCgtPg2S/wI0vD9q71GNKju7bJOtQI=
github.com/starter-go/application v0.9.10 h1:Qacs2bG2pASucLr+lWF14853lGhT1iXGMktBuuvp2iY=
github.com/starter-go/application v0.9.10/go.mod h1:e5Zet+QGLL1/bxCgtPg2S/wI0vD9q71GNKju7bJOtQI=
github.com/starter-go/application v0.9.11 h1:dPdWzxqf8tM2DitK9vmDfDWmNmZwpKr9MQsPQ4OP+Mw=
github.com/starter-go/application v0.9.11/go.mod h1:e5Zet+QGLL1/bxCgtPg2S/wI0vD9q71GNKju7bJOtQI=
github.com/starter-go/application v0.9.13 h1:a+P1bw7P8wyCPYe1QWzPBQe5sEqvZBaas7vrPYH5l3A=
github.com/starter-go/application v0.9.13/go.mod h1:c2hbSchCqAwnMifCYaCAcaFggl9WIwlwsDcVDGPlAsA=
github.com/starter-go/application v0.9.14 h1:rg9difstYVrHpCFi/Ir5Mwpq62/AyfiPpjnuGHZM/Y4=
github.com/starter-go/application v0.9.14/go.mod h1:c2hbSchCqAwnMifCYaCAcaFggl9WIwlwsDcVDGPlAsA=
github.com/starter-go/application v0.9.18 h1:rAjCJvpZjzed7QsUnAh8rBQLFFQegyHKpetsv6i1UKo=
github.com/starter-go/application v0.9.18/go.mod h1:WXdBRmDnpM6+vAxbuYrOwqxWH1dcGxhXLmwFepRBCeA=
github.com/starter-go/application v0.9.23 h1:lyfwAjWfh2qgkQ4ydbSywNYc5EvFQe+p1vigvtd+JvU=
github.com/starter-go/application v0.9.23/go.mod h1:N7WtRDs9tdxU0tPAXqSo0tjyGlUuaB+Bs9reinO5igw=
github.com/starter-go/application v0.9.24 h1:NO4equJgxIJAmgLuYP8KC4e7+20CNLJHzAXfzXQXexw=
github.com/starter-go/application v0.9.24/go.mod h1:N7WtRDs9tdxU0tPAXqSo0tjyGlUuaB+Bs9reinO5igw=
github.com/starter-go/application v0.9.25 h1:0IEmzjIYwjnJbLSorzxg5KJyaveAjRsreiTCsOAzVWM=
github.com/starter-go/application v0.9.25/go.mod h1:N7WtRDs9tdxU0tPAXqSo0tjyGlUuaB+Bs9reinO5igw=
github.com/starter-go/application v0.9.26 h1:D5xowoxKjXC2vUSheqCfAeM+oda+2BDaCg22XmyJ3YQ=
github.com/starter-go/application v0.9.26/go.mod h1:N7WtRDs9tdxU0tPAXqSo0tjyGlUuaB+Bs9reinO5igw=
github.com/starter-go/base v0.9.2 h1:7ibuwdwvWcQGZKm53H/rbiT0jy37QxQStfYQxPi85OY=
github.com/starter-go/base v0.9.2/go.mod h1:cTaamu+V1rSWCnfkeebl7yVZHlZiBHzxNVZap47wbtw=
github.com/starter-go/base v0.9.3 h1:VrzYqccuMVQzWF/6/4GEZa/EzG3LMQSPLZcSSwSxe48=
github.com/starter-go/base v0.9.3/go.mod h1:cTaamu+V1rSWCnfkeebl7yVZHlZiBHzxNVZap47wbtw=
github.com/starter-go/base v0.9.4 h1:PF48Jtp95iJTh8Y3LFmghjWHGaSEufA01unq5KlHFV0=
github.com/starter-go/base v0.9.4/go.mod h1:cTaamu+V1rSWCnfkeebl7yVZHlZiBHzxNVZap47wbtw=
github.com/starter-go/base v0.9.5 h1:kH1VI0ags5rWG6zHt483c5bUie5q+RnPXMf1N1arAUY=
github.com/starter-go/base v0.9.5/go.mod h1:cTaamu+V1rSWCnfkeebl7yVZHlZiBHzxNVZap47wbtw=
github.com/starter-go/base v0.9.7 h1:WRSWjG2AUd0zxgXa4FJS+h7MM3pTGgc2O+kDGSa4j+g=
github.com/starter-go/base v0.9.7/go.mod h1:cTaamu+V1rSWCnfkeebl7yVZHlZiBHzxNVZap47wbtw=
github.com/starter-go/base v0.9.8 h1:RdKmOv/QXa2ba7JI/6+if/UwejvndX4u0WAp4xU7xPM=
github.com/starter-go/base v0.9.8/go.mod h1:855h0lveIH1dMfP5u2SQp8LWJlgdstRAEM+MV6HRfLg=
github.com/starter-go/base v0.9.9 h1:XLO0p4VWhMzS/LRnzlSJJdK9/ps0yVWUAaim5oCRJWM=
github.com/starter-go/base v0.9.9/go.mod h1:855h0lveIH1dMfP5u2SQp8LWJlgdstRAEM+MV6HRfLg=
github.com/starter-go/base v0.9.11 h1:QG5kcShJSV9cs2KEeqZ8UN9icM/0uPZwPFrh0XUOf+Q=
github.com/starter-go/base v0.9.11/go.mod h1:MMqPMFzwPHjKyfX0cMmkpAAbeJ0tJupFbI8D+x27fJM=
github.com/starter-go/configen v0.9.0 h1:+My0kVZST2d/66eYELqt+N9XqJx440JaknbbPjGbwWM=
github.com/starter-go/configen v0.9.0/go.mod h1:uv9cKYaYwMnGl9ht2B/8Cfj62DLNxOwjkWDS94IrSqs=
github.com/starter-go/configen v0.9.1 h1:JmjATOJgXdsUpY/GLeh9x9i6QqAB6S+av884b4fIH4Y=
github.com/starter-go/configen v0.9.1/go.mod h1:cACci2osNxIFl1wSn3JErcWtIrMIINru7Qm8kVQBbAA=
github.com/starter-go/configen v0.9.2 h1:UdjHSxFJU15lVbckJF6gANsGLfJSgzz93ZAZZjbP4d8=
github.com/starter-go/configen v0.9.2/go.mod h1:biLRjMPfuSsAJBoNSNXaMcWle4uIxKvvgu1Xr/8/C/8=
github.com/starter-go/configen v0.9.3 h1:OJi7A9XncTFhvbKc8ZgSYF+bVDBnnGGhR2u8jS5G5XM=
github.com/starter-go/configen v0.9.3/go.mod h1:F0Pw1TAmyIiahcuPBqywIM0nxaYGMD9o4FahvcH2AEQ=
github.com/starter-go/configen v0.9.5 h1:KTwueLMQA3Ba70sJddK+hOLEifOI0dTXpPkX/jiBjIo=
github.com/starter-go/configen v0.9.5/go.mod h1:n3qiv4z1nZ0h4qfcX9Ju8kUMgjuLUkv0EvL6lxQOwtQ=
github.com/starter-go/vlog v0.9.0 h1:RuWHk9dLb9JPKflDrROsYhjAkoxAHI7eZ3avHyJXtQw=
github.com/starter-go/vlog v0.9.0/go.mod h1:WSaU9IGbEaDe/Eoh2W8JOjSn6wdjfGkgBbxJxaqUI/0=
github.com/starter-go/vlog v0.9.1 h1:944UIr5LW3QzF6st/kO7n/wgfZGnU61Dx/qZKH8F4EE=
github.com/starter-go/vlog v0.9.1/go.mod h1:WSaU9IGbEaDe/Eoh2W8JOjSn6wdjfGkgBbxJxaqUI/0=
github.com/starter-go/vlog v0.9.2 h1:2iirMlQ9i2m3udAmu2kN8lnnsmi458zNjqkGRAd36m0=
github.com/starter-go/vlog v0.9.2/go.mod h1:WSaU9IGbEaDe/Eoh2W8JOjSn6wdjfGkgBbxJxaqUI/0=
github.com/starter-go/vlog v0.9.3 h1:Bw7AZJNvYdegZNmMyskAVfWudd1BCQcnS5hygSY8Gb4=
github.com/starter-go/vlog v0.9.3/go.mod h1:WSaU9IGbEaDe/Eoh2W8JOjSn6wdjfGkgBbxJxaqUI/0=
github.com/starter-go/vlog v0.9.4 h1:9nVRk46Tco2UHXJDKbShK5SbGDUxxVKxCXUbGOOUe6A=
github.com/starter-go/vlog v0.9.4/go.mod h1:WSaU9IGbEaDe/Eoh2W8JOjSn6wdjfGkgBbxJxaqUI/0=
github.com/starter-go/vlog v0.9.5 h1:Rh5L8KjicweDjH5UDKVQzqG2Q9/y63G1TWHe8u6VZpk=
github.com/starter-go/vlog v0.9.5/go.mod h1:WSaU9IGbEaDe/Eoh2W8JOjSn6wdjfGkgBbxJxaqUI/0=
github.com/starter-go/vlog v0.9.7 h1:ysmWPxsJtgRxL5ht4abtWvJW9E7vLFAtuOOi/XtpSmY=
github.com/starter-go/vlog v0.9.7/go.mod h1:ywWUCfWNTqXrelvO4/3sQ04SCW4ClR3PiN3qpSlXhH0=
github.com/starter-go/vlog v0.9.8 h1:NmVv/lquEmvQ78nRf0C5eiJ0prNByV8o4aMmwBB3isc=
github.com/starter-go/vlog v0.9.8/go.mod h1:ywWUCfWNTqXrelvO4/3sQ04SCW4ClR3PiN3qpSlXhH0=
golang.org/x/sys v0.22.0 h1:RI27ohtqKCnwULzJLqkv897zojh5/DwS/ENaMzUOaWI=
golang.org/x/sys v0.22.0/go.mod h1:/VUhepiaJMQUp4+oa/7Zr1D23ma6VTLIYjOOTFZPUcA=
